<?xml version="1.0" encoding="utf-8"?>
<Project ToolsVersion="4.0" xmlns="http://schemas.microsoft.com/developer/msbuild/2003">
  <ItemGroup>
    <Filter Include="Resource Files">
      <UniqueIdentifier>{67DA6AB6-F800-4c08-8B7A-83BB121AAD01}</UniqueIdentifier>
      <Extensions>rc;ico;cur;bmp;dlg;rc2;rct;bin;rgs;gif;jpg;jpeg;jpe;resx;tiff;tif;png;wav;mfcribbon-ms</Extensions>
    </Filter>
    <Filter Include="Main">
      <UniqueIdentifier>{4e05e93a-d048-457d-845e-544f1af47d8d}</UniqueIdentifier>
    </Filter>
    <Filter Include="Main\Header Files">
      <UniqueIdentifier>{4714340f-ffc2-4e3c-8920-45a2ae79f629}</UniqueIdentifier>
    </Filter>
    <Filter Include="Main\Source Files">
      <UniqueIdentifier>{25ba1da1-241a-47ec-973a-928eb6a9122e}</UniqueIdentifier>
    </Filter>
    <Filter Include="Renderer">
      <UniqueIdentifier>{cff294db-c110-4455-baaa-d6222f1df856}</UniqueIdentifier>
    </Filter>
    <Filter Include="Renderer\Header Files">
      <UniqueIdentifier>{4c117299-6dd7-4eba-b5d0-ff6bde499d05}</UniqueIdentifier>
    </Filter>
    <Filter Include="Renderer\Source Files">
      <UniqueIdentifier>{88da3eba-d13a-492e-b48c-68e09b733db9}</UniqueIdentifier>
    </Filter>
    <Filter Include="Math">
      <UniqueIdentifier>{0fae138d-4b28-4719-ad0d-41d1395283e2}</UniqueIdentifier>
    </Filter>
    <Filter Include="Math\Header Files">
      <UniqueIdentifier>{5370d629-727d-4962-acc5-7f37fcee8a85}</UniqueIdentifier>
    </Filter>
    <Filter Include="Math\Source Files">
      <UniqueIdentifier>{24280dc2-cafc-459f-bfe0-ee6482ae4359}</UniqueIdentifier>
    </Filter>
    <Filter Include="GameStates">
      <UniqueIdentifier>{5eba156f-d20d-4339-b19b-f9d801ffbf21}</UniqueIdentifier>
    </Filter>
    <Filter Include="GameStates\Header Files">
      <UniqueIdentifier>{f2faca45-d07b-48de-9b2a-5e585fe300ba}</UniqueIdentifier>
    </Filter>
    <Filter Include="GameStates\Source Files">
      <UniqueIdentifier>{11382867-8f33-48fb-aae0-00f255772071}</UniqueIdentifier>
    </Filter>
    <Filter Include="Configs">
      <UniqueIdentifier>{7eb6954b-20ce-421a-9fa3-fa471fbee427}</UniqueIdentifier>
    </Filter>
  </ItemGroup>
  <ItemGroup>
    <ClCompile Include="Source\Main.cpp">
      <Filter>Main\Source Files</Filter>
    </ClCompile>
    <ClCompile Include="Source\stdafx.cpp">
      <Filter>Main\Source Files</Filter>
    </ClCompile>
    <ClCompile Include="Source\Renderer\Renderer.cpp">
      <Filter>Renderer\Source Files</Filter>
    </ClCompile>
    <ClCompile Include="Source\State System\Main\Game.cpp">
      <Filter>GameStates\Source Files</Filter>
    </ClCompile>
    <ClCompile Include="Source\Math\Math.cpp">
      <Filter>Math\Source Files</Filter>
    </ClCompile>
    <ClCompile Include="Source\Math\Vector2.cpp">
      <Filter>Math\Source Files</Filter>
    </ClCompile>
    <ClCompile Include="Source\Math\Vector3.cpp">
      <Filter>Math\Source Files</Filter>
    </ClCompile>
    <ClCompile Include="Source\Math\Vector4.cpp">
      <Filter>Math\Source Files</Filter>
    </ClCompile>
  </ItemGroup>
  <ItemGroup>
    <ClInclude Include="Source\stdafx.h">
      <Filter>Main\Header Files</Filter>
    </ClInclude>
    <ClInclude Include="Source\Renderer\Renderer.h">
      <Filter>Renderer\Header Files</Filter>
    </ClInclude>
    <ClInclude Include="Source\State System\GameStates\IGameState.h">
      <Filter>GameStates\Header Files</Filter>
    </ClInclude>
    <ClInclude Include="Source\State System\Main\Game.h">
      <Filter>GameStates\Header Files</Filter>
    </ClInclude>
    <ClInclude Include="Source\Math\Math.h">
      <Filter>Math\Header Files</Filter>
    </ClInclude>
    <ClInclude Include="Source\Math\Vector2.h">
      <Filter>Math\Header Files</Filter>
    </ClInclude>
    <ClInclude Include="Source\Math\Vector3.h">
      <Filter>Math\Header Files</Filter>
    </ClInclude>
    <ClInclude Include="Source\Math\Vector4.h">
      <Filter>Math\Header Files</Filter>
    </ClInclude>
    <ClInclude Include="Source\Configs\RenderConfig.h">
      <Filter>Configs</Filter>
    </ClInclude>
  </ItemGroup>
</Project>